
Microsoft Visual Studio Solution File, Format Version 12.00
# Visual Studio Version 16
VisualStudioVersion = 16.0.29613.14
MinimumVisualStudioVersion = 10.0.40219.1
Project("{FAE04EC0-301F-11D3-BF4B-00C04F79EFBC}") = "MiddleLayer", "MiddleLayer\MiddleLayer.csproj", "{8D1A4D3C-ABBB-497D-ADCB-0D05362B8AFF}"
EndProject
Global
	GlobalSection(SolutionConfigurationPlatforms) = preSolution
		Debug|Any CPU = Debug|Any CPU
		Release|Any CPU = Release|Any CPU
	EndGlobalSection
	GlobalSection(ProjectConfigurationPlatforms) = postSolution
		{8D1A4D3C-ABBB-497D-ADCB-0D05362B8AFF}.Debug|Any CPU.ActiveCfg = Debug|Any CPU
		{8D1A4D3C-ABBB-497D-ADCB-0D05362B8AFF}.Debug|Any CPU.Build.0 = Debug|Any CPU
		{8D1A4D3C-ABBB-497D-ADCB-0D05362B8AFF}.Release|Any CPU.ActiveCfg = Release|Any CPU
		{8D1A4D3C-ABBB-497D-ADCB-0D05362B8AFF}.Release|Any CPU.Build.0 = Release|Any CPU
	EndGlobalSection
	GlobalSection(SolutionProperties) = preSolution
		HideSolutionNode = FALSE
	EndGlobalSection
	GlobalSection(ExtensibilityGlobals) = postSolution
		SolutionGuid = {503A5F94-880E-4ECB-9932-1A9CB6984EE8}
	EndGlobalSection
EndGlobal
